
Microsoft Visual Studio Solution File, Format Version 12.00
# Visual Studio Version 17
VisualStudioVersion = 17.2.32630.192
MinimumVisualStudioVersion = 10.0.40219.1
Project("{FAE04EC0-301F-11D3-BF4B-00C04F79EFBC}") = "ThreeLayerAsp", "ThreeLayerAsp\ThreeLayerAsp.csproj", "{D13AA194-DEDE-418B-BC38-D5960A3E75FD}"
EndProject
Project("{FAE04EC0-301F-11D3-BF4B-00C04F79EFBC}") = "BAL", "BAL\BAL.csproj", "{3ADECF6E-F923-4CED-876D-56042677AC86}"
EndProject
Project("{FAE04EC0-301F-11D3-BF4B-00C04F79EFBC}") = "DAL", "DAL\DAL.csproj", "{32542A0A-00BC-45F7-B051-86F11AF4249C}"
EndProject
Global
	GlobalSection(SolutionConfigurationPlatforms) = preSolution
		Debug|Any CPU = Debug|Any CPU
		Release|Any CPU = Release|Any CPU
	EndGlobalSection
	GlobalSection(ProjectConfigurationPlatforms) = postSolution
		{D13AA194-DEDE-418B-BC38-D5960A3E75FD}.Debug|Any CPU.ActiveCfg = Debug|Any CPU
		{D13AA194-DEDE-418B-BC38-D5960A3E75FD}.Debug|Any CPU.Build.0 = Debug|Any CPU
		{D13AA194-DEDE-418B-BC38-D5960A3E75FD}.Release|Any CPU.ActiveCfg = Release|Any CPU
		{D13AA194-DEDE-418B-BC38-D5960A3E75FD}.Release|Any CPU.Build.0 = Release|Any CPU
		{3ADECF6E-F923-4CED-876D-56042677AC86}.Debug|Any CPU.ActiveCfg = Debug|Any CPU
		{3ADECF6E-F923-4CED-876D-56042677AC86}.Debug|Any CPU.Build.0 = Debug|Any CPU
		{3ADECF6E-F923-4CED-876D-56042677AC86}.Release|Any CPU.ActiveCfg = Release|Any CPU
		{3ADECF6E-F923-4CED-876D-56042677AC86}.Release|Any CPU.Build.0 = Release|Any CPU
		{32542A0A-00BC-45F7-B051-86F11AF4249C}.Debug|Any CPU.ActiveCfg = Debug|Any CPU
		{32542A0A-00BC-45F7-B051-86F11AF4249C}.Debug|Any CPU.Build.0 = Debug|Any CPU
		{32542A0A-00BC-45F7-B051-86F11AF4249C}.Release|Any CPU.ActiveCfg = Release|Any CPU
		{32542A0A-00BC-45F7-B051-86F11AF4249C}.Release|Any CPU.Build.0 = Release|Any CPU
	EndGlobalSection
	GlobalSection(SolutionProperties) = preSolution
		HideSolutionNode = FALSE
	EndGlobalSection
	GlobalSection(ExtensibilityGlobals) = postSolution
		SolutionGuid = {12961D62-81D5-4805-813E-5C96029E832F}
	EndGlobalSection
EndGlobal
