
Microsoft Visual Studio Solution File, Format Version 12.00
# Visual Studio Version 17
VisualStudioVersion = 17.2.32630.192
MinimumVisualStudioVersion = 10.0.40219.1
Project("{FAE04EC0-301F-11D3-BF4B-00C04F79EFBC}") = "TwoTableProject", "TwoTableProject\TwoTableProject.csproj", "{4713AA29-7FE9-4227-AB95-8488B18E0841}"
EndProject
Global
	GlobalSection(SolutionConfigurationPlatforms) = preSolution
		Debug|Any CPU = Debug|Any CPU
		Release|Any CPU = Release|Any CPU
	EndGlobalSection
	GlobalSection(ProjectConfigurationPlatforms) = postSolution
		{4713AA29-7FE9-4227-AB95-8488B18E0841}.Debug|Any CPU.ActiveCfg = Debug|Any CPU
		{4713AA29-7FE9-4227-AB95-8488B18E0841}.Debug|Any CPU.Build.0 = Debug|Any CPU
		{4713AA29-7FE9-4227-AB95-8488B18E0841}.Release|Any CPU.ActiveCfg = Release|Any CPU
		{4713AA29-7FE9-4227-AB95-8488B18E0841}.Release|Any CPU.Build.0 = Release|Any CPU
	EndGlobalSection
	GlobalSection(SolutionProperties) = preSolution
		HideSolutionNode = FALSE
	EndGlobalSection
	GlobalSection(ExtensibilityGlobals) = postSolution
		SolutionGuid = {AEA157B5-0C54-473A-89B0-7C0228B44E6E}
	EndGlobalSection
EndGlobal
