
Microsoft Visual Studio Solution File, Format Version 12.00
# Visual Studio Version 17
VisualStudioVersion = 17.2.32630.192
MinimumVisualStudioVersion = 10.0.40219.1
Project("{FAE04EC0-301F-11D3-BF4B-00C04F79EFBC}") = "Twotable_cba", "Twotable_cba\Twotable_cba.csproj", "{C939BB31-8EBD-4648-AA07-CE8837A5FF53}"
EndProject
Global
	GlobalSection(SolutionConfigurationPlatforms) = preSolution
		Debug|Any CPU = Debug|Any CPU
		Release|Any CPU = Release|Any CPU
	EndGlobalSection
	GlobalSection(ProjectConfigurationPlatforms) = postSolution
		{C939BB31-8EBD-4648-AA07-CE8837A5FF53}.Debug|Any CPU.ActiveCfg = Debug|Any CPU
		{C939BB31-8EBD-4648-AA07-CE8837A5FF53}.Debug|Any CPU.Build.0 = Debug|Any CPU
		{C939BB31-8EBD-4648-AA07-CE8837A5FF53}.Release|Any CPU.ActiveCfg = Release|Any CPU
		{C939BB31-8EBD-4648-AA07-CE8837A5FF53}.Release|Any CPU.Build.0 = Release|Any CPU
	EndGlobalSection
	GlobalSection(SolutionProperties) = preSolution
		HideSolutionNode = FALSE
	EndGlobalSection
	GlobalSection(ExtensibilityGlobals) = postSolution
		SolutionGuid = {0FC9FF3D-1A09-4C75-8CA0-8C22727EC171}
	EndGlobalSection
EndGlobal
