
Microsoft Visual Studio Solution File, Format Version 12.00
# Visual Studio Version 17
VisualStudioVersion = 17.2.32630.192
MinimumVisualStudioVersion = 10.0.40219.1
Project("{FAE04EC0-301F-11D3-BF4B-00C04F79EFBC}") = "WebApi_Assessment", "WebApi_Assessment\WebApi_Assessment.csproj", "{7A5BCA80-FA38-461D-A870-DB1874126B0F}"
EndProject
Project("{FAE04EC0-301F-11D3-BF4B-00C04F79EFBC}") = "WebApi_Ui", "WebApi_Ui\WebApi_Ui.csproj", "{4D134717-F957-4BD7-83EF-79A0E5BD2167}"
EndProject
Global
	GlobalSection(SolutionConfigurationPlatforms) = preSolution
		Debug|Any CPU = Debug|Any CPU
		Release|Any CPU = Release|Any CPU
	EndGlobalSection
	GlobalSection(ProjectConfigurationPlatforms) = postSolution
		{7A5BCA80-FA38-461D-A870-DB1874126B0F}.Debug|Any CPU.ActiveCfg = Debug|Any CPU
		{7A5BCA80-FA38-461D-A870-DB1874126B0F}.Debug|Any CPU.Build.0 = Debug|Any CPU
		{7A5BCA80-FA38-461D-A870-DB1874126B0F}.Release|Any CPU.ActiveCfg = Release|Any CPU
		{7A5BCA80-FA38-461D-A870-DB1874126B0F}.Release|Any CPU.Build.0 = Release|Any CPU
		{4D134717-F957-4BD7-83EF-79A0E5BD2167}.Debug|Any CPU.ActiveCfg = Debug|Any CPU
		{4D134717-F957-4BD7-83EF-79A0E5BD2167}.Debug|Any CPU.Build.0 = Debug|Any CPU
		{4D134717-F957-4BD7-83EF-79A0E5BD2167}.Release|Any CPU.ActiveCfg = Release|Any CPU
		{4D134717-F957-4BD7-83EF-79A0E5BD2167}.Release|Any CPU.Build.0 = Release|Any CPU
	EndGlobalSection
	GlobalSection(SolutionProperties) = preSolution
		HideSolutionNode = FALSE
	EndGlobalSection
	GlobalSection(ExtensibilityGlobals) = postSolution
		SolutionGuid = {0F0320ED-F9A4-491A-89E9-E5D66538EE83}
	EndGlobalSection
EndGlobal
