
Microsoft Visual Studio Solution File, Format Version 12.00
# Visual Studio Version 17
VisualStudioVersion = 17.2.32630.192
MinimumVisualStudioVersion = 10.0.40219.1
Project("{FAE04EC0-301F-11D3-BF4B-00C04F79EFBC}") = "Hospital_mgmt", "Hospital_mgmt\Hospital_mgmt.csproj", "{BF082A02-D2CA-46BD-8105-6D62CF7913BC}"
EndProject
Global
	GlobalSection(SolutionConfigurationPlatforms) = preSolution
		Debug|Any CPU = Debug|Any CPU
		Release|Any CPU = Release|Any CPU
	EndGlobalSection
	GlobalSection(ProjectConfigurationPlatforms) = postSolution
		{BF082A02-D2CA-46BD-8105-6D62CF7913BC}.Debug|Any CPU.ActiveCfg = Debug|Any CPU
		{BF082A02-D2CA-46BD-8105-6D62CF7913BC}.Debug|Any CPU.Build.0 = Debug|Any CPU
		{BF082A02-D2CA-46BD-8105-6D62CF7913BC}.Release|Any CPU.ActiveCfg = Release|Any CPU
		{BF082A02-D2CA-46BD-8105-6D62CF7913BC}.Release|Any CPU.Build.0 = Release|Any CPU
	EndGlobalSection
	GlobalSection(SolutionProperties) = preSolution
		HideSolutionNode = FALSE
	EndGlobalSection
	GlobalSection(ExtensibilityGlobals) = postSolution
		SolutionGuid = {5FD97416-FEAE-4ECA-B355-1D1210BA6F3F}
	EndGlobalSection
EndGlobal
