
Microsoft Visual Studio Solution File, Format Version 12.00
# Visual Studio Version 16
VisualStudioVersion = 16.0.32602.291
MinimumVisualStudioVersion = 10.0.40219.1
Project("{FAE04EC0-301F-11D3-BF4B-00C04F79EFBC}") = "EventButtonPractise", "EventButtonPractise\EventButtonPractise.csproj", "{5AB927BE-85CA-43A4-9490-E249A65DBA95}"
EndProject
Global
	GlobalSection(SolutionConfigurationPlatforms) = preSolution
		Debug|Any CPU = Debug|Any CPU
		Release|Any CPU = Release|Any CPU
	EndGlobalSection
	GlobalSection(ProjectConfigurationPlatforms) = postSolution
		{5AB927BE-85CA-43A4-9490-E249A65DBA95}.Debug|Any CPU.ActiveCfg = Debug|Any CPU
		{5AB927BE-85CA-43A4-9490-E249A65DBA95}.Debug|Any CPU.Build.0 = Debug|Any CPU
		{5AB927BE-85CA-43A4-9490-E249A65DBA95}.Release|Any CPU.ActiveCfg = Release|Any CPU
		{5AB927BE-85CA-43A4-9490-E249A65DBA95}.Release|Any CPU.Build.0 = Release|Any CPU
	EndGlobalSection
	GlobalSection(SolutionProperties) = preSolution
		HideSolutionNode = FALSE
	EndGlobalSection
	GlobalSection(ExtensibilityGlobals) = postSolution
		SolutionGuid = {CD6C6071-B5A3-4449-B90F-B5BF906C9F3D}
	EndGlobalSection
EndGlobal
