
Microsoft Visual Studio Solution File, Format Version 12.00
# Visual Studio Version 16
VisualStudioVersion = 16.0.32602.291
MinimumVisualStudioVersion = 10.0.40219.1
Project("{FAE04EC0-301F-11D3-BF4B-00C04F79EFBC}") = "EventHandlingDemo", "EventHandlingDemo\EventHandlingDemo.csproj", "{E5937BFB-F7F6-4F79-B13A-34ACB9D970DA}"
EndProject
Global
	GlobalSection(SolutionConfigurationPlatforms) = preSolution
		Debug|Any CPU = Debug|Any CPU
		Release|Any CPU = Release|Any CPU
	EndGlobalSection
	GlobalSection(ProjectConfigurationPlatforms) = postSolution
		{E5937BFB-F7F6-4F79-B13A-34ACB9D970DA}.Debug|Any CPU.ActiveCfg = Debug|Any CPU
		{E5937BFB-F7F6-4F79-B13A-34ACB9D970DA}.Debug|Any CPU.Build.0 = Debug|Any CPU
		{E5937BFB-F7F6-4F79-B13A-34ACB9D970DA}.Release|Any CPU.ActiveCfg = Release|Any CPU
		{E5937BFB-F7F6-4F79-B13A-34ACB9D970DA}.Release|Any CPU.Build.0 = Release|Any CPU
	EndGlobalSection
	GlobalSection(SolutionProperties) = preSolution
		HideSolutionNode = FALSE
	EndGlobalSection
	GlobalSection(ExtensibilityGlobals) = postSolution
		SolutionGuid = {7501F74F-7B84-4E61-A6AD-B3EDAB757588}
	EndGlobalSection
EndGlobal
