
Microsoft Visual Studio Solution File, Format Version 12.00
# Visual Studio Version 17
VisualStudioVersion = 17.2.32630.192
MinimumVisualStudioVersion = 10.0.40219.1
Project("{FAE04EC0-301F-11D3-BF4B-00C04F79EFBC}") = "TwoTableAdo", "TwoTableAdo\TwoTableAdo.csproj", "{1D1F7D71-DBBC-4F64-AB5F-AE4889638B1F}"
EndProject
Global
	GlobalSection(SolutionConfigurationPlatforms) = preSolution
		Debug|Any CPU = Debug|Any CPU
		Release|Any CPU = Release|Any CPU
	EndGlobalSection
	GlobalSection(ProjectConfigurationPlatforms) = postSolution
		{1D1F7D71-DBBC-4F64-AB5F-AE4889638B1F}.Debug|Any CPU.ActiveCfg = Debug|Any CPU
		{1D1F7D71-DBBC-4F64-AB5F-AE4889638B1F}.Debug|Any CPU.Build.0 = Debug|Any CPU
		{1D1F7D71-DBBC-4F64-AB5F-AE4889638B1F}.Release|Any CPU.ActiveCfg = Release|Any CPU
		{1D1F7D71-DBBC-4F64-AB5F-AE4889638B1F}.Release|Any CPU.Build.0 = Release|Any CPU
	EndGlobalSection
	GlobalSection(SolutionProperties) = preSolution
		HideSolutionNode = FALSE
	EndGlobalSection
	GlobalSection(ExtensibilityGlobals) = postSolution
		SolutionGuid = {7650B32C-98BB-4C18-B2BF-A0D599BA6D5D}
	EndGlobalSection
EndGlobal
