
Microsoft Visual Studio Solution File, Format Version 12.00
# Visual Studio Version 16
VisualStudioVersion = 16.0.32602.291
MinimumVisualStudioVersion = 10.0.40219.1
Project("{FAE04EC0-301F-11D3-BF4B-00C04F79EFBC}") = "ConsoleString", "ConsoleString\ConsoleString.csproj", "{60B040CF-7A28-4C47-A486-56EB3D040558}"
EndProject
Global
	GlobalSection(SolutionConfigurationPlatforms) = preSolution
		Debug|Any CPU = Debug|Any CPU
		Release|Any CPU = Release|Any CPU
	EndGlobalSection
	GlobalSection(ProjectConfigurationPlatforms) = postSolution
		{60B040CF-7A28-4C47-A486-56EB3D040558}.Debug|Any CPU.ActiveCfg = Debug|Any CPU
		{60B040CF-7A28-4C47-A486-56EB3D040558}.Debug|Any CPU.Build.0 = Debug|Any CPU
		{60B040CF-7A28-4C47-A486-56EB3D040558}.Release|Any CPU.ActiveCfg = Release|Any CPU
		{60B040CF-7A28-4C47-A486-56EB3D040558}.Release|Any CPU.Build.0 = Release|Any CPU
	EndGlobalSection
	GlobalSection(SolutionProperties) = preSolution
		HideSolutionNode = FALSE
	EndGlobalSection
	GlobalSection(ExtensibilityGlobals) = postSolution
		SolutionGuid = {8FC20B61-0AFB-4D7E-B9B7-00087E6DF830}
	EndGlobalSection
EndGlobal
