
Microsoft Visual Studio Solution File, Format Version 12.00
# Visual Studio Version 17
VisualStudioVersion = 17.2.32630.192
MinimumVisualStudioVersion = 10.0.40219.1
Project("{FAE04EC0-301F-11D3-BF4B-00C04F79EFBC}") = "DataAdapter", "DataAdapter\DataAdapter.csproj", "{4297A2E4-39CC-4E4C-824C-357D11C1263F}"
EndProject
Global
	GlobalSection(SolutionConfigurationPlatforms) = preSolution
		Debug|Any CPU = Debug|Any CPU
		Release|Any CPU = Release|Any CPU
	EndGlobalSection
	GlobalSection(ProjectConfigurationPlatforms) = postSolution
		{4297A2E4-39CC-4E4C-824C-357D11C1263F}.Debug|Any CPU.ActiveCfg = Debug|Any CPU
		{4297A2E4-39CC-4E4C-824C-357D11C1263F}.Debug|Any CPU.Build.0 = Debug|Any CPU
		{4297A2E4-39CC-4E4C-824C-357D11C1263F}.Release|Any CPU.ActiveCfg = Release|Any CPU
		{4297A2E4-39CC-4E4C-824C-357D11C1263F}.Release|Any CPU.Build.0 = Release|Any CPU
	EndGlobalSection
	GlobalSection(SolutionProperties) = preSolution
		HideSolutionNode = FALSE
	EndGlobalSection
	GlobalSection(ExtensibilityGlobals) = postSolution
		SolutionGuid = {ECAE609B-20DA-4FCB-AAFE-B06DEE152C31}
	EndGlobalSection
EndGlobal
