
Microsoft Visual Studio Solution File, Format Version 12.00
# Visual Studio Version 17
VisualStudioVersion = 17.2.32630.192
MinimumVisualStudioVersion = 10.0.40219.1
Project("{FAE04EC0-301F-11D3-BF4B-00C04F79EFBC}") = "LinqAspDemo", "LinqAspDemo\LinqAspDemo.csproj", "{0DBD5571-61D9-4BB4-891B-C08426E1970A}"
EndProject
Global
	GlobalSection(SolutionConfigurationPlatforms) = preSolution
		Debug|Any CPU = Debug|Any CPU
		Release|Any CPU = Release|Any CPU
	EndGlobalSection
	GlobalSection(ProjectConfigurationPlatforms) = postSolution
		{0DBD5571-61D9-4BB4-891B-C08426E1970A}.Debug|Any CPU.ActiveCfg = Debug|Any CPU
		{0DBD5571-61D9-4BB4-891B-C08426E1970A}.Debug|Any CPU.Build.0 = Debug|Any CPU
		{0DBD5571-61D9-4BB4-891B-C08426E1970A}.Release|Any CPU.ActiveCfg = Release|Any CPU
		{0DBD5571-61D9-4BB4-891B-C08426E1970A}.Release|Any CPU.Build.0 = Release|Any CPU
	EndGlobalSection
	GlobalSection(SolutionProperties) = preSolution
		HideSolutionNode = FALSE
	EndGlobalSection
	GlobalSection(ExtensibilityGlobals) = postSolution
		SolutionGuid = {E251739D-7499-4381-9C4E-D61B6C881F5D}
	EndGlobalSection
EndGlobal
