
Microsoft Visual Studio Solution File, Format Version 12.00
# Visual Studio Version 17
VisualStudioVersion = 17.2.32630.192
MinimumVisualStudioVersion = 10.0.40219.1
Project("{FAE04EC0-301F-11D3-BF4B-00C04F79EFBC}") = "Ilinq", "Ilinq\Ilinq.csproj", "{B20FFDC0-4A8D-4628-953B-F074653F8D7F}"
EndProject
Global
	GlobalSection(SolutionConfigurationPlatforms) = preSolution
		Debug|Any CPU = Debug|Any CPU
		Release|Any CPU = Release|Any CPU
	EndGlobalSection
	GlobalSection(ProjectConfigurationPlatforms) = postSolution
		{B20FFDC0-4A8D-4628-953B-F074653F8D7F}.Debug|Any CPU.ActiveCfg = Debug|Any CPU
		{B20FFDC0-4A8D-4628-953B-F074653F8D7F}.Debug|Any CPU.Build.0 = Debug|Any CPU
		{B20FFDC0-4A8D-4628-953B-F074653F8D7F}.Release|Any CPU.ActiveCfg = Release|Any CPU
		{B20FFDC0-4A8D-4628-953B-F074653F8D7F}.Release|Any CPU.Build.0 = Release|Any CPU
	EndGlobalSection
	GlobalSection(SolutionProperties) = preSolution
		HideSolutionNode = FALSE
	EndGlobalSection
	GlobalSection(ExtensibilityGlobals) = postSolution
		SolutionGuid = {070B27E6-6A24-473B-A613-234906C7E084}
	EndGlobalSection
EndGlobal
