
Microsoft Visual Studio Solution File, Format Version 12.00
# Visual Studio Version 17
VisualStudioVersion = 17.2.32630.192
MinimumVisualStudioVersion = 10.0.40219.1
Project("{FAE04EC0-301F-11D3-BF4B-00C04F79EFBC}") = "Multicast delegates", "Multicast delegates\Multicast delegates.csproj", "{7FDE8F74-9625-455B-9294-0E6B079A301A}"
EndProject
Global
	GlobalSection(SolutionConfigurationPlatforms) = preSolution
		Debug|Any CPU = Debug|Any CPU
		Release|Any CPU = Release|Any CPU
	EndGlobalSection
	GlobalSection(ProjectConfigurationPlatforms) = postSolution
		{7FDE8F74-9625-455B-9294-0E6B079A301A}.Debug|Any CPU.ActiveCfg = Debug|Any CPU
		{7FDE8F74-9625-455B-9294-0E6B079A301A}.Debug|Any CPU.Build.0 = Debug|Any CPU
		{7FDE8F74-9625-455B-9294-0E6B079A301A}.Release|Any CPU.ActiveCfg = Release|Any CPU
		{7FDE8F74-9625-455B-9294-0E6B079A301A}.Release|Any CPU.Build.0 = Release|Any CPU
	EndGlobalSection
	GlobalSection(SolutionProperties) = preSolution
		HideSolutionNode = FALSE
	EndGlobalSection
	GlobalSection(ExtensibilityGlobals) = postSolution
		SolutionGuid = {07C23BF3-0CDF-46B5-AD37-09A620F5AA2C}
	EndGlobalSection
EndGlobal
