
Microsoft Visual Studio Solution File, Format Version 12.00
# Visual Studio Version 16
VisualStudioVersion = 16.0.32602.291
MinimumVisualStudioVersion = 10.0.40219.1
Project("{FAE04EC0-301F-11D3-BF4B-00C04F79EFBC}") = "Paramsdemo", "Paramsdemo\Paramsdemo.csproj", "{EA82341D-9685-4601-9F9D-BBC55E965BDB}"
EndProject
Global
	GlobalSection(SolutionConfigurationPlatforms) = preSolution
		Debug|Any CPU = Debug|Any CPU
		Release|Any CPU = Release|Any CPU
	EndGlobalSection
	GlobalSection(ProjectConfigurationPlatforms) = postSolution
		{EA82341D-9685-4601-9F9D-BBC55E965BDB}.Debug|Any CPU.ActiveCfg = Debug|Any CPU
		{EA82341D-9685-4601-9F9D-BBC55E965BDB}.Debug|Any CPU.Build.0 = Debug|Any CPU
		{EA82341D-9685-4601-9F9D-BBC55E965BDB}.Release|Any CPU.ActiveCfg = Release|Any CPU
		{EA82341D-9685-4601-9F9D-BBC55E965BDB}.Release|Any CPU.Build.0 = Release|Any CPU
	EndGlobalSection
	GlobalSection(SolutionProperties) = preSolution
		HideSolutionNode = FALSE
	EndGlobalSection
	GlobalSection(ExtensibilityGlobals) = postSolution
		SolutionGuid = {3731150C-D3EC-4129-82D4-3D8233E25000}
	EndGlobalSection
EndGlobal
