
Microsoft Visual Studio Solution File, Format Version 12.00
# Visual Studio Version 16
VisualStudioVersion = 16.0.32602.291
MinimumVisualStudioVersion = 10.0.40219.1
Project("{FAE04EC0-301F-11D3-BF4B-00C04F79EFBC}") = "ArrayExample", "ArrayExample\ArrayExample.csproj", "{DC422EAB-DD44-44E7-AA2C-F2DAE37D8174}"
EndProject
Global
	GlobalSection(SolutionConfigurationPlatforms) = preSolution
		Debug|Any CPU = Debug|Any CPU
		Release|Any CPU = Release|Any CPU
	EndGlobalSection
	GlobalSection(ProjectConfigurationPlatforms) = postSolution
		{DC422EAB-DD44-44E7-AA2C-F2DAE37D8174}.Debug|Any CPU.ActiveCfg = Debug|Any CPU
		{DC422EAB-DD44-44E7-AA2C-F2DAE37D8174}.Debug|Any CPU.Build.0 = Debug|Any CPU
		{DC422EAB-DD44-44E7-AA2C-F2DAE37D8174}.Release|Any CPU.ActiveCfg = Release|Any CPU
		{DC422EAB-DD44-44E7-AA2C-F2DAE37D8174}.Release|Any CPU.Build.0 = Release|Any CPU
	EndGlobalSection
	GlobalSection(SolutionProperties) = preSolution
		HideSolutionNode = FALSE
	EndGlobalSection
	GlobalSection(ExtensibilityGlobals) = postSolution
		SolutionGuid = {04DDECDF-F356-43ED-8A7F-DE77BFF6C7A2}
	EndGlobalSection
EndGlobal
