
Microsoft Visual Studio Solution File, Format Version 12.00
# Visual Studio Version 17
VisualStudioVersion = 17.2.32630.192
MinimumVisualStudioVersion = 10.0.40219.1
Project("{FAE04EC0-301F-11D3-BF4B-00C04F79EFBC}") = "Shop_Assessment", "Shop_Assessment\Shop_Assessment.csproj", "{F9D23918-FCA3-4C88-AB54-DAD66466C1DA}"
EndProject
Project("{FAE04EC0-301F-11D3-BF4B-00C04F79EFBC}") = "Test_App", "Test_App\Test_App.csproj", "{9F6FE9F0-0DC6-4A7A-8E77-9D7315DEB957}"
EndProject
Global
	GlobalSection(SolutionConfigurationPlatforms) = preSolution
		Debug|Any CPU = Debug|Any CPU
		Release|Any CPU = Release|Any CPU
	EndGlobalSection
	GlobalSection(ProjectConfigurationPlatforms) = postSolution
		{F9D23918-FCA3-4C88-AB54-DAD66466C1DA}.Debug|Any CPU.ActiveCfg = Debug|Any CPU
		{F9D23918-FCA3-4C88-AB54-DAD66466C1DA}.Debug|Any CPU.Build.0 = Debug|Any CPU
		{F9D23918-FCA3-4C88-AB54-DAD66466C1DA}.Release|Any CPU.ActiveCfg = Release|Any CPU
		{F9D23918-FCA3-4C88-AB54-DAD66466C1DA}.Release|Any CPU.Build.0 = Release|Any CPU
		{9F6FE9F0-0DC6-4A7A-8E77-9D7315DEB957}.Debug|Any CPU.ActiveCfg = Debug|Any CPU
		{9F6FE9F0-0DC6-4A7A-8E77-9D7315DEB957}.Debug|Any CPU.Build.0 = Debug|Any CPU
		{9F6FE9F0-0DC6-4A7A-8E77-9D7315DEB957}.Release|Any CPU.ActiveCfg = Release|Any CPU
		{9F6FE9F0-0DC6-4A7A-8E77-9D7315DEB957}.Release|Any CPU.Build.0 = Release|Any CPU
	EndGlobalSection
	GlobalSection(SolutionProperties) = preSolution
		HideSolutionNode = FALSE
	EndGlobalSection
	GlobalSection(ExtensibilityGlobals) = postSolution
		SolutionGuid = {A51E819F-9A31-4200-823C-964419EB141B}
	EndGlobalSection
EndGlobal
