
Microsoft Visual Studio Solution File, Format Version 12.00
# Visual Studio Version 17
VisualStudioVersion = 17.2.32630.192
MinimumVisualStudioVersion = 10.0.40219.1
Project("{FAE04EC0-301F-11D3-BF4B-00C04F79EFBC}") = "Stored_Procedure", "Stored_Procedure\Stored_Procedure.csproj", "{E358F71E-8D20-461F-A181-EEA7B8046234}"
EndProject
Global
	GlobalSection(SolutionConfigurationPlatforms) = preSolution
		Debug|Any CPU = Debug|Any CPU
		Release|Any CPU = Release|Any CPU
	EndGlobalSection
	GlobalSection(ProjectConfigurationPlatforms) = postSolution
		{E358F71E-8D20-461F-A181-EEA7B8046234}.Debug|Any CPU.ActiveCfg = Debug|Any CPU
		{E358F71E-8D20-461F-A181-EEA7B8046234}.Debug|Any CPU.Build.0 = Debug|Any CPU
		{E358F71E-8D20-461F-A181-EEA7B8046234}.Release|Any CPU.ActiveCfg = Release|Any CPU
		{E358F71E-8D20-461F-A181-EEA7B8046234}.Release|Any CPU.Build.0 = Release|Any CPU
	EndGlobalSection
	GlobalSection(SolutionProperties) = preSolution
		HideSolutionNode = FALSE
	EndGlobalSection
	GlobalSection(ExtensibilityGlobals) = postSolution
		SolutionGuid = {F10BBD9B-B37D-4381-A200-F58800348606}
	EndGlobalSection
EndGlobal
