
Microsoft Visual Studio Solution File, Format Version 12.00
# Visual Studio Version 17
VisualStudioVersion = 17.2.32630.192
MinimumVisualStudioVersion = 10.0.40219.1
Project("{FAE04EC0-301F-11D3-BF4B-00C04F79EFBC}") = "XmlDemo", "XmlDemo\XmlDemo.csproj", "{A7A5C97F-11BE-4BEF-8194-DD7E19F6FC2B}"
EndProject
Global
	GlobalSection(SolutionConfigurationPlatforms) = preSolution
		Debug|Any CPU = Debug|Any CPU
		Release|Any CPU = Release|Any CPU
	EndGlobalSection
	GlobalSection(ProjectConfigurationPlatforms) = postSolution
		{A7A5C97F-11BE-4BEF-8194-DD7E19F6FC2B}.Debug|Any CPU.ActiveCfg = Debug|Any CPU
		{A7A5C97F-11BE-4BEF-8194-DD7E19F6FC2B}.Debug|Any CPU.Build.0 = Debug|Any CPU
		{A7A5C97F-11BE-4BEF-8194-DD7E19F6FC2B}.Release|Any CPU.ActiveCfg = Release|Any CPU
		{A7A5C97F-11BE-4BEF-8194-DD7E19F6FC2B}.Release|Any CPU.Build.0 = Release|Any CPU
	EndGlobalSection
	GlobalSection(SolutionProperties) = preSolution
		HideSolutionNode = FALSE
	EndGlobalSection
	GlobalSection(ExtensibilityGlobals) = postSolution
		SolutionGuid = {E4B11549-02B8-4233-970D-11FB1CC0824D}
	EndGlobalSection
EndGlobal
