
Microsoft Visual Studio Solution File, Format Version 12.00
# Visual Studio Version 17
VisualStudioVersion = 17.2.32630.192
MinimumVisualStudioVersion = 10.0.40219.1
Project("{FAE04EC0-301F-11D3-BF4B-00C04F79EFBC}") = "Helper_Tag", "Helper_Tag\Helper_Tag.csproj", "{7888B7B6-8F6B-4E6F-B234-F350FA02EA13}"
EndProject
Global
	GlobalSection(SolutionConfigurationPlatforms) = preSolution
		Debug|Any CPU = Debug|Any CPU
		Release|Any CPU = Release|Any CPU
	EndGlobalSection
	GlobalSection(ProjectConfigurationPlatforms) = postSolution
		{7888B7B6-8F6B-4E6F-B234-F350FA02EA13}.Debug|Any CPU.ActiveCfg = Debug|Any CPU
		{7888B7B6-8F6B-4E6F-B234-F350FA02EA13}.Debug|Any CPU.Build.0 = Debug|Any CPU
		{7888B7B6-8F6B-4E6F-B234-F350FA02EA13}.Release|Any CPU.ActiveCfg = Release|Any CPU
		{7888B7B6-8F6B-4E6F-B234-F350FA02EA13}.Release|Any CPU.Build.0 = Release|Any CPU
	EndGlobalSection
	GlobalSection(SolutionProperties) = preSolution
		HideSolutionNode = FALSE
	EndGlobalSection
	GlobalSection(ExtensibilityGlobals) = postSolution
		SolutionGuid = {2D234B0B-EDC4-4C41-94B2-BB452B70C9F0}
	EndGlobalSection
EndGlobal
