
Microsoft Visual Studio Solution File, Format Version 12.00
# Visual Studio Version 17
VisualStudioVersion = 17.2.32630.192
MinimumVisualStudioVersion = 10.0.40219.1
Project("{FAE04EC0-301F-11D3-BF4B-00C04F79EFBC}") = "Project_Webform", "Project_Webform\Project_Webform.csproj", "{4203E5C7-D734-42E8-BD4C-05EBCBEDBC3A}"
EndProject
Global
	GlobalSection(SolutionConfigurationPlatforms) = preSolution
		Debug|Any CPU = Debug|Any CPU
		Release|Any CPU = Release|Any CPU
	EndGlobalSection
	GlobalSection(ProjectConfigurationPlatforms) = postSolution
		{4203E5C7-D734-42E8-BD4C-05EBCBEDBC3A}.Debug|Any CPU.ActiveCfg = Debug|Any CPU
		{4203E5C7-D734-42E8-BD4C-05EBCBEDBC3A}.Debug|Any CPU.Build.0 = Debug|Any CPU
		{4203E5C7-D734-42E8-BD4C-05EBCBEDBC3A}.Release|Any CPU.ActiveCfg = Release|Any CPU
		{4203E5C7-D734-42E8-BD4C-05EBCBEDBC3A}.Release|Any CPU.Build.0 = Release|Any CPU
	EndGlobalSection
	GlobalSection(SolutionProperties) = preSolution
		HideSolutionNode = FALSE
	EndGlobalSection
	GlobalSection(ExtensibilityGlobals) = postSolution
		SolutionGuid = {1396D2B9-4A68-4559-8844-2E192C73E67C}
	EndGlobalSection
EndGlobal
