
Microsoft Visual Studio Solution File, Format Version 12.00
# Visual Studio Version 16
VisualStudioVersion = 16.0.32602.291
MinimumVisualStudioVersion = 10.0.40219.1
Project("{FAE04EC0-301F-11D3-BF4B-00C04F79EFBC}") = "consoleoops", "consoleoops\consoleoops.csproj", "{65C45690-608E-4E1C-8043-25BF0C102AB9}"
EndProject
Global
	GlobalSection(SolutionConfigurationPlatforms) = preSolution
		Debug|Any CPU = Debug|Any CPU
		Release|Any CPU = Release|Any CPU
	EndGlobalSection
	GlobalSection(ProjectConfigurationPlatforms) = postSolution
		{65C45690-608E-4E1C-8043-25BF0C102AB9}.Debug|Any CPU.ActiveCfg = Debug|Any CPU
		{65C45690-608E-4E1C-8043-25BF0C102AB9}.Debug|Any CPU.Build.0 = Debug|Any CPU
		{65C45690-608E-4E1C-8043-25BF0C102AB9}.Release|Any CPU.ActiveCfg = Release|Any CPU
		{65C45690-608E-4E1C-8043-25BF0C102AB9}.Release|Any CPU.Build.0 = Release|Any CPU
	EndGlobalSection
	GlobalSection(SolutionProperties) = preSolution
		HideSolutionNode = FALSE
	EndGlobalSection
	GlobalSection(ExtensibilityGlobals) = postSolution
		SolutionGuid = {70FECE93-6886-408F-8B83-1E6B751F6AF1}
	EndGlobalSection
EndGlobal
