
Microsoft Visual Studio Solution File, Format Version 12.00
# Visual Studio Version 17
VisualStudioVersion = 17.2.32630.192
MinimumVisualStudioVersion = 10.0.40219.1
Project("{FAE04EC0-301F-11D3-BF4B-00C04F79EFBC}") = "Validation_Crud", "Validation_Crud\Validation_Crud.csproj", "{BE337092-DB77-482E-9D07-2568CEF20D2B}"
EndProject
Global
	GlobalSection(SolutionConfigurationPlatforms) = preSolution
		Debug|Any CPU = Debug|Any CPU
		Release|Any CPU = Release|Any CPU
	EndGlobalSection
	GlobalSection(ProjectConfigurationPlatforms) = postSolution
		{BE337092-DB77-482E-9D07-2568CEF20D2B}.Debug|Any CPU.ActiveCfg = Debug|Any CPU
		{BE337092-DB77-482E-9D07-2568CEF20D2B}.Debug|Any CPU.Build.0 = Debug|Any CPU
		{BE337092-DB77-482E-9D07-2568CEF20D2B}.Release|Any CPU.ActiveCfg = Release|Any CPU
		{BE337092-DB77-482E-9D07-2568CEF20D2B}.Release|Any CPU.Build.0 = Release|Any CPU
	EndGlobalSection
	GlobalSection(SolutionProperties) = preSolution
		HideSolutionNode = FALSE
	EndGlobalSection
	GlobalSection(ExtensibilityGlobals) = postSolution
		SolutionGuid = {99E1C426-20DD-42FD-8771-678B6441B099}
	EndGlobalSection
EndGlobal
