
Microsoft Visual Studio Solution File, Format Version 12.00
# Visual Studio Version 17
VisualStudioVersion = 17.2.32630.192
MinimumVisualStudioVersion = 10.0.40219.1
Project("{FAE04EC0-301F-11D3-BF4B-00C04F79EFBC}") = "EntityDemo", "EntityDemo\EntityDemo.csproj", "{68077693-9458-4140-9BB7-34F5D3A65F21}"
EndProject
Project("{FAE04EC0-301F-11D3-BF4B-00C04F79EFBC}") = "MyAppDb", "MyAppDb\MyAppDb.csproj", "{51F490E1-646E-40E7-A38E-1B84A4C5B4F7}"
EndProject
Global
	GlobalSection(SolutionConfigurationPlatforms) = preSolution
		Debug|Any CPU = Debug|Any CPU
		Release|Any CPU = Release|Any CPU
	EndGlobalSection
	GlobalSection(ProjectConfigurationPlatforms) = postSolution
		{68077693-9458-4140-9BB7-34F5D3A65F21}.Debug|Any CPU.ActiveCfg = Debug|Any CPU
		{68077693-9458-4140-9BB7-34F5D3A65F21}.Debug|Any CPU.Build.0 = Debug|Any CPU
		{68077693-9458-4140-9BB7-34F5D3A65F21}.Release|Any CPU.ActiveCfg = Release|Any CPU
		{68077693-9458-4140-9BB7-34F5D3A65F21}.Release|Any CPU.Build.0 = Release|Any CPU
		{51F490E1-646E-40E7-A38E-1B84A4C5B4F7}.Debug|Any CPU.ActiveCfg = Debug|Any CPU
		{51F490E1-646E-40E7-A38E-1B84A4C5B4F7}.Debug|Any CPU.Build.0 = Debug|Any CPU
		{51F490E1-646E-40E7-A38E-1B84A4C5B4F7}.Release|Any CPU.ActiveCfg = Release|Any CPU
		{51F490E1-646E-40E7-A38E-1B84A4C5B4F7}.Release|Any CPU.Build.0 = Release|Any CPU
	EndGlobalSection
	GlobalSection(SolutionProperties) = preSolution
		HideSolutionNode = FALSE
	EndGlobalSection
	GlobalSection(ExtensibilityGlobals) = postSolution
		SolutionGuid = {22ABAA84-615E-4972-BC74-62D5D6599C3E}
	EndGlobalSection
EndGlobal
