
Microsoft Visual Studio Solution File, Format Version 12.00
# Visual Studio Version 17
VisualStudioVersion = 17.2.32630.192
MinimumVisualStudioVersion = 10.0.40219.1
Project("{FAE04EC0-301F-11D3-BF4B-00C04F79EFBC}") = "core_demo", "core_demo\core_demo.csproj", "{EFF12EC7-3EE8-420E-A8F4-72946CC4746B}"
EndProject
Global
	GlobalSection(SolutionConfigurationPlatforms) = preSolution
		Debug|Any CPU = Debug|Any CPU
		Release|Any CPU = Release|Any CPU
	EndGlobalSection
	GlobalSection(ProjectConfigurationPlatforms) = postSolution
		{EFF12EC7-3EE8-420E-A8F4-72946CC4746B}.Debug|Any CPU.ActiveCfg = Debug|Any CPU
		{EFF12EC7-3EE8-420E-A8F4-72946CC4746B}.Debug|Any CPU.Build.0 = Debug|Any CPU
		{EFF12EC7-3EE8-420E-A8F4-72946CC4746B}.Release|Any CPU.ActiveCfg = Release|Any CPU
		{EFF12EC7-3EE8-420E-A8F4-72946CC4746B}.Release|Any CPU.Build.0 = Release|Any CPU
	EndGlobalSection
	GlobalSection(SolutionProperties) = preSolution
		HideSolutionNode = FALSE
	EndGlobalSection
	GlobalSection(ExtensibilityGlobals) = postSolution
		SolutionGuid = {DAA46474-AC3B-4542-B309-E68154797F41}
	EndGlobalSection
EndGlobal
