
Microsoft Visual Studio Solution File, Format Version 12.00
# Visual Studio Version 16
VisualStudioVersion = 16.0.32602.291
MinimumVisualStudioVersion = 10.0.40219.1
Project("{FAE04EC0-301F-11D3-BF4B-00C04F79EFBC}") = "ExtensionDemo", "ExtensionDemo\ExtensionDemo.csproj", "{17B23FBD-F01E-41AF-B6D2-EE163B34FFD7}"
EndProject
Global
	GlobalSection(SolutionConfigurationPlatforms) = preSolution
		Debug|Any CPU = Debug|Any CPU
		Release|Any CPU = Release|Any CPU
	EndGlobalSection
	GlobalSection(ProjectConfigurationPlatforms) = postSolution
		{17B23FBD-F01E-41AF-B6D2-EE163B34FFD7}.Debug|Any CPU.ActiveCfg = Debug|Any CPU
		{17B23FBD-F01E-41AF-B6D2-EE163B34FFD7}.Debug|Any CPU.Build.0 = Debug|Any CPU
		{17B23FBD-F01E-41AF-B6D2-EE163B34FFD7}.Release|Any CPU.ActiveCfg = Release|Any CPU
		{17B23FBD-F01E-41AF-B6D2-EE163B34FFD7}.Release|Any CPU.Build.0 = Release|Any CPU
	EndGlobalSection
	GlobalSection(SolutionProperties) = preSolution
		HideSolutionNode = FALSE
	EndGlobalSection
	GlobalSection(ExtensibilityGlobals) = postSolution
		SolutionGuid = {6D52F5BF-A78B-49A4-9C13-E8A6F86361CC}
	EndGlobalSection
EndGlobal
