
Microsoft Visual Studio Solution File, Format Version 12.00
# Visual Studio Version 16
VisualStudioVersion = 16.0.32602.291
MinimumVisualStudioVersion = 10.0.40219.1
Project("{FAE04EC0-301F-11D3-BF4B-00C04F79EFBC}") = "ExplicitInterface", "ExplicitInterface\ExplicitInterface.csproj", "{C80DEE1B-F869-477D-9B73-9F8DA854ABBC}"
EndProject
Global
	GlobalSection(SolutionConfigurationPlatforms) = preSolution
		Debug|Any CPU = Debug|Any CPU
		Release|Any CPU = Release|Any CPU
	EndGlobalSection
	GlobalSection(ProjectConfigurationPlatforms) = postSolution
		{C80DEE1B-F869-477D-9B73-9F8DA854ABBC}.Debug|Any CPU.ActiveCfg = Debug|Any CPU
		{C80DEE1B-F869-477D-9B73-9F8DA854ABBC}.Debug|Any CPU.Build.0 = Debug|Any CPU
		{C80DEE1B-F869-477D-9B73-9F8DA854ABBC}.Release|Any CPU.ActiveCfg = Release|Any CPU
		{C80DEE1B-F869-477D-9B73-9F8DA854ABBC}.Release|Any CPU.Build.0 = Release|Any CPU
	EndGlobalSection
	GlobalSection(SolutionProperties) = preSolution
		HideSolutionNode = FALSE
	EndGlobalSection
	GlobalSection(ExtensibilityGlobals) = postSolution
		SolutionGuid = {8E14ABFE-671B-421C-A2CB-828CF436A249}
	EndGlobalSection
EndGlobal
