
Microsoft Visual Studio Solution File, Format Version 12.00
# Visual Studio Version 17
VisualStudioVersion = 17.2.32630.192
MinimumVisualStudioVersion = 10.0.40219.1
Project("{FAE04EC0-301F-11D3-BF4B-00C04F79EFBC}") = "Docker_Demo", "Docker_Demo\Docker_Demo.csproj", "{BB63FE35-15D9-4083-8526-5C0C9CDC6228}"
EndProject
Global
	GlobalSection(SolutionConfigurationPlatforms) = preSolution
		Debug|Any CPU = Debug|Any CPU
		Release|Any CPU = Release|Any CPU
	EndGlobalSection
	GlobalSection(ProjectConfigurationPlatforms) = postSolution
		{BB63FE35-15D9-4083-8526-5C0C9CDC6228}.Debug|Any CPU.ActiveCfg = Debug|Any CPU
		{BB63FE35-15D9-4083-8526-5C0C9CDC6228}.Debug|Any CPU.Build.0 = Debug|Any CPU
		{BB63FE35-15D9-4083-8526-5C0C9CDC6228}.Release|Any CPU.ActiveCfg = Release|Any CPU
		{BB63FE35-15D9-4083-8526-5C0C9CDC6228}.Release|Any CPU.Build.0 = Release|Any CPU
	EndGlobalSection
	GlobalSection(SolutionProperties) = preSolution
		HideSolutionNode = FALSE
	EndGlobalSection
	GlobalSection(ExtensibilityGlobals) = postSolution
		SolutionGuid = {76D83215-3C28-4219-B0E2-6CD8A1721C32}
	EndGlobalSection
EndGlobal
